
Microsoft Visual Studio Solution File, Format Version 12.00
# Visual Studio 2017
Project("{FAE04EC0-301F-11D3-BF4B-00C04F79EFBC}") = "BreakoutChris", "BreakoutChris.csproj", "{D812DE43-1504-1A94-1BA3-89F9DF29757C}"
EndProject
Global
	GlobalSection(SolutionConfigurationPlatforms) = preSolution
		Debug|Any CPU = Debug|Any CPU
		Release|Any CPU = Release|Any CPU
	EndGlobalSection
	GlobalSection(ProjectConfigurationPlatforms) = postSolution
		{D812DE43-1504-1A94-1BA3-89F9DF29757C}.Debug|Any CPU.ActiveCfg = Debug|Any CPU
		{D812DE43-1504-1A94-1BA3-89F9DF29757C}.Debug|Any CPU.Build.0 = Debug|Any CPU
		{D812DE43-1504-1A94-1BA3-89F9DF29757C}.Release|Any CPU.ActiveCfg = Release|Any CPU
		{D812DE43-1504-1A94-1BA3-89F9DF29757C}.Release|Any CPU.Build.0 = Release|Any CPU
	EndGlobalSection
	GlobalSection(SolutionProperties) = preSolution
		HideSolutionNode = FALSE
	EndGlobalSection
EndGlobal
